{
    "name": "echo",
    "lockfileVersion": 3,
    "requires": true,
    "packages": {
        "": {
            "dependencies": {
                "nbnet": "file:../../webrtc"
            }
        },
        "../../webrtc": {
            "name": "nbnet",
            "version": "1.0",
            "license": "MIT",
            "dependencies": {
                "@roamhq/wrtc": "^0.8.0",
                "websocket": "^1.0.31",
                "winston": "^3.2.1"
            }
        },
        "node_modules/nbnet": {
            "resolved": "../../webrtc",
            "link": true
        }
    }
}
