{
  "name": "nbnet",
  "version": "1.0",
  "lockfileVersion": 2,
  "requires": true,
  "packages": {
    "": {
      "name": "nbnet",
      "version": "1.0",
      "license": "MIT",
      "dependencies": {
        "@roamhq/wrtc": "^0.8.0",
        "websocket": "^1.0.31",
        "winston": "^3.2.1"
      }
    },
    "node_modules/@colors/colors": {
      "version": "1.6.0",
      "resolved": "https://registry.npmjs.org/@colors/colors/-/colors-1.6.0.tgz",
      "integrity": "sha512-Ir+AOibqzrIsL6ajt3Rz3LskB7OiMVHqltZmspbW/TJuTVuyOMirVqAkjfY6JISiLHgyNqicAC8AyHHGzNd/dA==",
      "engines": {
        "node": ">=0.1.90"
      }
    },
    "node_modules/@dabh/diagnostics": {
      "version": "2.0.3",
      "resolved": "https://registry.npmjs.org/@dabh/diagnostics/-/diagnostics-2.0.3.tgz",
      "integrity": "sha512-hrlQOIi7hAfzsMqlGSFyVucrx38O+j6wiGOf//H2ecvIEqYN4ADBSS2iLMh5UFyDunCNniUIPk/q3riFv45xRA==",
      "dependencies": {
        "colorspace": "1.1.x",
        "enabled": "2.0.x",
        "kuler": "^2.0.0"
      }
    },
    "node_modules/@roamhq/wrtc": {
      "version": "0.8.0",
      "resolved": "https://registry.npmjs.org/@roamhq/wrtc/-/wrtc-0.8.0.tgz",
      "integrity": "sha512-C0V/nqc4/2xzORI5qa4mIeN/8UO3ywN1kInrJ9u6GljFx0D18JMUJEqe8yYHa61RrEeoWN3PKdW++k8TocSx/A==",
      "optionalDependencies": {
        "@roamhq/wrtc-darwin-arm64": "0.8.0",
        "@roamhq/wrtc-darwin-x64": "0.8.0",
        "@roamhq/wrtc-linux-arm64": "0.8.1",
        "@roamhq/wrtc-linux-x64": "0.8.1",
        "@roamhq/wrtc-win32-x64": "0.8.0",
        "domexception": "^4.0.0"
      }
    },
    "node_modules/@roamhq/wrtc-darwin-arm64": {
      "version": "0.8.0",
      "resolved": "https://registry.npmjs.org/@roamhq/wrtc-darwin-arm64/-/wrtc-darwin-arm64-0.8.0.tgz",
      "integrity": "sha512-OtV2KWO7zOG3L8TF3KCt9aucynVCD/ww2xeXXgg+FLkya3ca0uzehN8EQJ3BL4tkInksbFJ2ssyu9cehfJ3ZuA==",
      "cpu": [
        "arm64"
      ],
      "optional": true,
      "os": [
        "darwin"
      ]
    },
    "node_modules/@roamhq/wrtc-darwin-x64": {
      "version": "0.8.0",
      "resolved": "https://registry.npmjs.org/@roamhq/wrtc-darwin-x64/-/wrtc-darwin-x64-0.8.0.tgz",
      "integrity": "sha512-VY7Vzt/SDDDCpW//h8GW9bOZrOr8gWXPZVD9473ypl4jyBIoO57yyLbHzd1G0vBUkS6szsHlQCz1WwpI30YL+g==",
      "cpu": [
        "x64"
      ],
      "optional": true,
      "os": [
        "darwin"
      ]
    },
    "node_modules/@roamhq/wrtc-linux-arm64": {
      "version": "0.8.1",
      "resolved": "https://registry.npmjs.org/@roamhq/wrtc-linux-arm64/-/wrtc-linux-arm64-0.8.1.tgz",
      "integrity": "sha512-FBJLLazlWkGQUXaokC/rTbrUQbb0CNFYry52fZGstufrGLTWu+g4HcwXdVvxh1tnVtVMvkQGk+mlOL52sCxw0A==",
      "cpu": [
        "arm64"
      ],
      "optional": true,
      "os": [
        "linux"
      ]
    },
    "node_modules/@roamhq/wrtc-linux-x64": {
      "version": "0.8.1",
      "resolved": "https://registry.npmjs.org/@roamhq/wrtc-linux-x64/-/wrtc-linux-x64-0.8.1.tgz",
      "integrity": "sha512-I9oWG7b4uvWO1IOR/aF34n+ID6TKVuSs0jd19h5KdhfRtw7FFh9xxuwN9rONPxLVa6fS0q+MCZgAf8Scz89L8Q==",
      "cpu": [
        "x64"
      ],
      "optional": true,
      "os": [
        "linux"
      ]
    },
    "node_modules/@roamhq/wrtc-win32-x64": {
      "version": "0.8.0",
      "resolved": "https://registry.npmjs.org/@roamhq/wrtc-win32-x64/-/wrtc-win32-x64-0.8.0.tgz",
      "integrity": "sha512-R2fxl41BLWPiP4eaTHGLzbbVvRjx1mV/OsgINCvawO7Hwz5Zx9I45+Fhrw3hd4n5amIeSG9VIF7Kz8eeTFXTGQ==",
      "cpu": [
        "x64"
      ],
      "optional": true,
      "os": [
        "win32"
      ]
    },
    "node_modules/@types/triple-beam": {
      "version": "1.3.5",
      "resolved": "https://registry.npmjs.org/@types/triple-beam/-/triple-beam-1.3.5.tgz",
      "integrity": "sha512-6WaYesThRMCl19iryMYP7/x2OVgCtbIVflDGFpWnb9irXI3UjYE4AzmYuiUKY1AJstGijoY+MgUszMgRxIYTYw=="
    },
    "node_modules/async": {
      "version": "3.2.5",
      "resolved": "https://registry.npmjs.org/async/-/async-3.2.5.tgz",
      "integrity": "sha512-baNZyqaaLhyLVKm/DlvdW051MSgO6b8eVfIezl9E5PqWxFgzLm/wQntEW4zOytVburDEr0JlALEpdOFwvErLsg=="
    },
    "node_modules/bufferutil": {
      "version": "4.0.8",
      "resolved": "https://registry.npmjs.org/bufferutil/-/bufferutil-4.0.8.tgz",
      "integrity": "sha512-4T53u4PdgsXqKaIctwF8ifXlRTTmEPJ8iEPWFdGZvcf7sbwYo6FKFEX9eNNAnzFZ7EzJAQ3CJeOtCRA4rDp7Pw==",
      "hasInstallScript": true,
      "dependencies": {
        "node-gyp-build": "^4.3.0"
      },
      "engines": {
        "node": ">=6.14.2"
      }
    },
    "node_modules/color": {
      "version": "3.2.1",
      "resolved": "https://registry.npmjs.org/color/-/color-3.2.1.tgz",
      "integrity": "sha512-aBl7dZI9ENN6fUGC7mWpMTPNHmWUSNan9tuWN6ahh5ZLNk9baLJOnSMlrQkHcrfFgz2/RigjUVAjdx36VcemKA==",
      "dependencies": {
        "color-convert": "^1.9.3",
        "color-string": "^1.6.0"
      }
    },
    "node_modules/color-convert": {
      "version": "1.9.3",
      "resolved": "https://registry.npmjs.org/color-convert/-/color-convert-1.9.3.tgz",
      "integrity": "sha512-QfAUtd+vFdAtFQcC8CCyYt1fYWxSqAiK2cSD6zDB8N3cpsEBAvRxp9zOGg6G/SHHJYAT88/az/IuDGALsNVbGg==",
      "dependencies": {
        "color-name": "1.1.3"
      }
    },
    "node_modules/color-name": {
      "version": "1.1.3",
      "resolved": "https://registry.npmjs.org/color-name/-/color-name-1.1.3.tgz",
      "integrity": "sha512-72fSenhMw2HZMTVHeCA9KCmpEIbzWiQsjN+BHcBbS9vr1mtt+vJjPdksIBNUmKAW8TFUDPJK5SUU3QhE9NEXDw=="
    },
    "node_modules/color-string": {
      "version": "1.9.1",
      "resolved": "https://registry.npmjs.org/color-string/-/color-string-1.9.1.tgz",
      "integrity": "sha512-shrVawQFojnZv6xM40anx4CkoDP+fZsw/ZerEMsW/pyzsRbElpsL/DBVW7q3ExxwusdNXI3lXpuhEZkzs8p5Eg==",
      "dependencies": {
        "color-name": "^1.0.0",
        "simple-swizzle": "^0.2.2"
      }
    },
    "node_modules/colorspace": {
      "version": "1.1.4",
      "resolved": "https://registry.npmjs.org/colorspace/-/colorspace-1.1.4.tgz",
      "integrity": "sha512-BgvKJiuVu1igBUF2kEjRCZXol6wiiGbY5ipL/oVPwm0BL9sIpMIzM8IK7vwuxIIzOXMV3Ey5w+vxhm0rR/TN8w==",
      "dependencies": {
        "color": "^3.1.3",
        "text-hex": "1.0.x"
      }
    },
    "node_modules/d": {
      "version": "1.0.1",
      "resolved": "https://registry.npmjs.org/d/-/d-1.0.1.tgz",
      "integrity": "sha512-m62ShEObQ39CfralilEQRjH6oAMtNCV1xJyEx5LpRYUVN+EviphDgUc/F3hnYbADmkiNs67Y+3ylmlG7Lnu+FA==",
      "dependencies": {
        "es5-ext": "^0.10.50",
        "type": "^1.0.1"
      }
    },
    "node_modules/debug": {
      "version": "2.6.9",
      "resolved": "https://registry.npmjs.org/debug/-/debug-2.6.9.tgz",
      "integrity": "sha512-bC7ElrdJaJnPbAP+1EotYvqZsb3ecl5wi6Bfi6BJTUcNowp6cvspg0jXznRTKDjm/E7AdgFBVeAPVMNcKGsHMA==",
      "dependencies": {
        "ms": "2.0.0"
      }
    },
    "node_modules/domexception": {
      "version": "4.0.0",
      "resolved": "https://registry.npmjs.org/domexception/-/domexception-4.0.0.tgz",
      "integrity": "sha512-A2is4PLG+eeSfoTMA95/s4pvAoSo2mKtiM5jlHkAVewmiO8ISFTFKZjH7UAM1Atli/OT/7JHOrJRJiMKUZKYBw==",
      "deprecated": "Use your platform's native DOMException instead",
      "optional": true,
      "dependencies": {
        "webidl-conversions": "^7.0.0"
      },
      "engines": {
        "node": ">=12"
      }
    },
    "node_modules/enabled": {
      "version": "2.0.0",
      "resolved": "https://registry.npmjs.org/enabled/-/enabled-2.0.0.tgz",
      "integrity": "sha512-AKrN98kuwOzMIdAizXGI86UFBoo26CL21UM763y1h/GMSJ4/OHU9k2YlsmBpyScFo/wbLzWQJBMCW4+IO3/+OQ=="
    },
    "node_modules/es5-ext": {
      "version": "0.10.64",
      "resolved": "https://registry.npmjs.org/es5-ext/-/es5-ext-0.10.64.tgz",
      "integrity": "sha512-p2snDhiLaXe6dahss1LddxqEm+SkuDvV8dnIQG0MWjyHpcMNfXKPE+/Cc0y+PhxJX3A4xGNeFCj5oc0BUh6deg==",
      "hasInstallScript": true,
      "dependencies": {
        "es6-iterator": "^2.0.3",
        "es6-symbol": "^3.1.3",
        "esniff": "^2.0.1",
        "next-tick": "^1.1.0"
      },
      "engines": {
        "node": ">=0.10"
      }
    },
    "node_modules/es6-iterator": {
      "version": "2.0.3",
      "resolved": "https://registry.npmjs.org/es6-iterator/-/es6-iterator-2.0.3.tgz",
      "integrity": "sha1-p96IkUGgWpSwhUQDstCg+/qY87c=",
      "dependencies": {
        "d": "1",
        "es5-ext": "^0.10.35",
        "es6-symbol": "^3.1.1"
      }
    },
    "node_modules/es6-symbol": {
      "version": "3.1.3",
      "resolved": "https://registry.npmjs.org/es6-symbol/-/es6-symbol-3.1.3.tgz",
      "integrity": "sha512-NJ6Yn3FuDinBaBRWl/q5X/s4koRHBrgKAu+yGI6JCBeiu3qrcbJhwT2GeR/EXVfylRk8dpQVJoLEFhK+Mu31NA==",
      "dependencies": {
        "d": "^1.0.1",
        "ext": "^1.1.2"
      }
    },
    "node_modules/esniff": {
      "version": "2.0.1",
      "resolved": "https://registry.npmjs.org/esniff/-/esniff-2.0.1.tgz",
      "integrity": "sha512-kTUIGKQ/mDPFoJ0oVfcmyJn4iBDRptjNVIzwIFR7tqWXdVI9xfA2RMwY/gbSpJG3lkdWNEjLap/NqVHZiJsdfg==",
      "dependencies": {
        "d": "^1.0.1",
        "es5-ext": "^0.10.62",
        "event-emitter": "^0.3.5",
        "type": "^2.7.2"
      },
      "engines": {
        "node": ">=0.10"
      }
    },
    "node_modules/esniff/node_modules/type": {
      "version": "2.7.3",
      "resolved": "https://registry.npmjs.org/type/-/type-2.7.3.tgz",
      "integrity": "sha512-8j+1QmAbPvLZow5Qpi6NCaN8FB60p/6x8/vfNqOk/hC+HuvFZhL4+WfekuhQLiqFZXOgQdrs3B+XxEmCc6b3FQ=="
    },
    "node_modules/event-emitter": {
      "version": "0.3.5",
      "resolved": "https://registry.npmjs.org/event-emitter/-/event-emitter-0.3.5.tgz",
      "integrity": "sha512-D9rRn9y7kLPnJ+hMq7S/nhvoKwwvVJahBi2BPmx3bvbsEdK3W9ii8cBSGjP+72/LnM4n6fo3+dkCX5FeTQruXA==",
      "dependencies": {
        "d": "1",
        "es5-ext": "~0.10.14"
      }
    },
    "node_modules/ext": {
      "version": "1.4.0",
      "resolved": "https://registry.npmjs.org/ext/-/ext-1.4.0.tgz",
      "integrity": "sha512-Key5NIsUxdqKg3vIsdw9dSuXpPCQ297y6wBjL30edxwPgt2E44WcWBZey/ZvUc6sERLTxKdyCu4gZFmUbk1Q7A==",
      "dependencies": {
        "type": "^2.0.0"
      }
    },
    "node_modules/ext/node_modules/type": {
      "version": "2.1.0",
      "resolved": "https://registry.npmjs.org/type/-/type-2.1.0.tgz",
      "integrity": "sha512-G9absDWvhAWCV2gmF1zKud3OyC61nZDwWvBL2DApaVFogI07CprggiQAOOjvp2NRjYWFzPyu7vwtDrQFq8jeSA=="
    },
    "node_modules/fecha": {
      "version": "4.2.3",
      "resolved": "https://registry.npmjs.org/fecha/-/fecha-4.2.3.tgz",
      "integrity": "sha512-OP2IUU6HeYKJi3i0z4A19kHMQoLVs4Hc+DPqqxI2h/DPZHTm/vjsfC6P0b4jCMy14XizLBqvndQ+UilD7707Jw=="
    },
    "node_modules/fn.name": {
      "version": "1.1.0",
      "resolved": "https://registry.npmjs.org/fn.name/-/fn.name-1.1.0.tgz",
      "integrity": "sha512-GRnmB5gPyJpAhTQdSZTSp9uaPSvl09KoYcMQtsB9rQoOmzs9dH6ffeccH+Z+cv6P68Hu5bC6JjRh4Ah/mHSNRw=="
    },
    "node_modules/inherits": {
      "version": "2.0.4",
      "resolved": "https://registry.npmjs.org/inherits/-/inherits-2.0.4.tgz",
      "integrity": "sha512-k/vGaX4/Yla3WzyMCvTQOXYeIHvqOKtnqBduzTHpzpQZzAskKMhZ2K+EnBiSM9zGSoIFeMpXKxa4dYeZIQqewQ=="
    },
    "node_modules/is-arrayish": {
      "version": "0.3.2",
      "resolved": "https://registry.npmjs.org/is-arrayish/-/is-arrayish-0.3.2.tgz",
      "integrity": "sha512-eVRqCvVlZbuw3GrM63ovNSNAeA1K16kaR/LRY/92w0zxQ5/1YzwblUX652i4Xs9RwAGjW9d9y6X88t8OaAJfWQ=="
    },
    "node_modules/is-stream": {
      "version": "2.0.1",
      "resolved": "https://registry.npmjs.org/is-stream/-/is-stream-2.0.1.tgz",
      "integrity": "sha512-hFoiJiTl63nn+kstHGBtewWSKnQLpyb155KHheA1l39uvtO9nWIop1p3udqPcUd/xbF1VLMO4n7OI6p7RbngDg==",
      "engines": {
        "node": ">=8"
      },
      "funding": {
        "url": "https://github.com/sponsors/sindresorhus"
      }
    },
    "node_modules/is-typedarray": {
      "version": "1.0.0",
      "resolved": "https://registry.npmjs.org/is-typedarray/-/is-typedarray-1.0.0.tgz",
      "integrity": "sha512-cyA56iCMHAh5CdzjJIa4aohJyeO1YbwLi3Jc35MmRU6poroFjIGZzUzupGiRPOjgHg9TLu43xbpwXk523fMxKA=="
    },
    "node_modules/kuler": {
      "version": "2.0.0",
      "resolved": "https://registry.npmjs.org/kuler/-/kuler-2.0.0.tgz",
      "integrity": "sha512-Xq9nH7KlWZmXAtodXDDRE7vs6DU1gTU8zYDHDiWLSip45Egwq3plLHzPn27NgvzL2r1LMPC1vdqh98sQxtqj4A=="
    },
    "node_modules/logform": {
      "version": "2.6.1",
      "resolved": "https://registry.npmjs.org/logform/-/logform-2.6.1.tgz",
      "integrity": "sha512-CdaO738xRapbKIMVn2m4F6KTj4j7ooJ8POVnebSgKo3KBz5axNXRAL7ZdRjIV6NOr2Uf4vjtRkxrFETOioCqSA==",
      "dependencies": {
        "@colors/colors": "1.6.0",
        "@types/triple-beam": "^1.3.2",
        "fecha": "^4.2.0",
        "ms": "^2.1.1",
        "safe-stable-stringify": "^2.3.1",
        "triple-beam": "^1.3.0"
      },
      "engines": {
        "node": ">= 12.0.0"
      }
    },
    "node_modules/logform/node_modules/ms": {
      "version": "2.1.3",
      "resolved": "https://registry.npmjs.org/ms/-/ms-2.1.3.tgz",
      "integrity": "sha512-6FlzubTLZG3J2a/NVCAleEhjzq5oxgHyaCU9yYXvcLsvoVaHJq/s5xXI6/XXP6tz7R9xAOtHnSO/tXtF3WRTlA=="
    },
    "node_modules/ms": {
      "version": "2.0.0",
      "resolved": "https://registry.npmjs.org/ms/-/ms-2.0.0.tgz",
      "integrity": "sha512-Tpp60P6IUJDTuOq/5Z8cdskzJujfwqfOTkrwIwj7IRISpnkJnT6SyJ4PCPnGMoFjC9ddhal5KVIYtAt97ix05A=="
    },
    "node_modules/next-tick": {
      "version": "1.1.0",
      "resolved": "https://registry.npmjs.org/next-tick/-/next-tick-1.1.0.tgz",
      "integrity": "sha512-CXdUiJembsNjuToQvxayPZF9Vqht7hewsvy2sOWafLvi2awflj9mOC6bHIg50orX8IJvWKY9wYQ/zB2kogPslQ=="
    },
    "node_modules/node-gyp-build": {
      "version": "4.8.1",
      "resolved": "https://registry.npmjs.org/node-gyp-build/-/node-gyp-build-4.8.1.tgz",
      "integrity": "sha512-OSs33Z9yWr148JZcbZd5WiAXhh/n9z8TxQcdMhIOlpN9AhWpLfvVFO73+m77bBABQMaY9XSvIa+qk0jlI7Gcaw==",
      "bin": {
        "node-gyp-build": "bin.js",
        "node-gyp-build-optional": "optional.js",
        "node-gyp-build-test": "build-test.js"
      }
    },
    "node_modules/one-time": {
      "version": "1.0.0",
      "resolved": "https://registry.npmjs.org/one-time/-/one-time-1.0.0.tgz",
      "integrity": "sha512-5DXOiRKwuSEcQ/l0kGCF6Q3jcADFv5tSmRaJck/OqkVFcOzutB134KRSfF0xDrL39MNnqxbHBbUUcjZIhTgb2g==",
      "dependencies": {
        "fn.name": "1.x.x"
      }
    },
    "node_modules/readable-stream": {
      "version": "3.6.2",
      "resolved": "https://registry.npmjs.org/readable-stream/-/readable-stream-3.6.2.tgz",
      "integrity": "sha512-9u/sniCrY3D5WdsERHzHE4G2YCXqoG5FTHUiCC4SIbr6XcLZBY05ya9EKjYek9O5xOAwjGq+1JdGBAS7Q9ScoA==",
      "dependencies": {
        "inherits": "^2.0.3",
        "string_decoder": "^1.1.1",
        "util-deprecate": "^1.0.1"
      },
      "engines": {
        "node": ">= 6"
      }
    },
    "node_modules/safe-buffer": {
      "version": "5.2.1",
      "resolved": "https://registry.npmjs.org/safe-buffer/-/safe-buffer-5.2.1.tgz",
      "integrity": "sha512-rp3So07KcdmmKbGvgaNxQSJr7bGVSVk5S9Eq1F+ppbRo70+YeaDxkw5Dd8NPN+GD6bjnYm2VuPuCXmpuYvmCXQ==",
      "funding": [
        {
          "type": "github",
          "url": "https://github.com/sponsors/feross"
        },
        {
          "type": "patreon",
          "url": "https://www.patreon.com/feross"
        },
        {
          "type": "consulting",
          "url": "https://feross.org/support"
        }
      ]
    },
    "node_modules/safe-stable-stringify": {
      "version": "2.4.3",
      "resolved": "https://registry.npmjs.org/safe-stable-stringify/-/safe-stable-stringify-2.4.3.tgz",
      "integrity": "sha512-e2bDA2WJT0wxseVd4lsDP4+3ONX6HpMXQa1ZhFQ7SU+GjvORCmShbCMltrtIDfkYhVHrOcPtj+KhmDBdPdZD1g==",
      "engines": {
        "node": ">=10"
      }
    },
    "node_modules/simple-swizzle": {
      "version": "0.2.2",
      "resolved": "https://registry.npmjs.org/simple-swizzle/-/simple-swizzle-0.2.2.tgz",
      "integrity": "sha512-JA//kQgZtbuY83m+xT+tXJkmJncGMTFT+C+g2h2R9uxkYIrE2yy9sgmcLhCnw57/WSD+Eh3J97FPEDFnbXnDUg==",
      "dependencies": {
        "is-arrayish": "^0.3.1"
      }
    },
    "node_modules/stack-trace": {
      "version": "0.0.10",
      "resolved": "https://registry.npmjs.org/stack-trace/-/stack-trace-0.0.10.tgz",
      "integrity": "sha512-KGzahc7puUKkzyMt+IqAep+TVNbKP+k2Lmwhub39m1AsTSkaDutx56aDCo+HLDzf/D26BIHTJWNiTG1KAJiQCg==",
      "engines": {
        "node": "*"
      }
    },
    "node_modules/string_decoder": {
      "version": "1.3.0",
      "resolved": "https://registry.npmjs.org/string_decoder/-/string_decoder-1.3.0.tgz",
      "integrity": "sha512-hkRX8U1WjJFd8LsDJ2yQ/wWWxaopEsABU1XfkM8A+j0+85JAGppt16cr1Whg6KIbb4okU6Mql6BOj+uup/wKeA==",
      "dependencies": {
        "safe-buffer": "~5.2.0"
      }
    },
    "node_modules/text-hex": {
      "version": "1.0.0",
      "resolved": "https://registry.npmjs.org/text-hex/-/text-hex-1.0.0.tgz",
      "integrity": "sha512-uuVGNWzgJ4yhRaNSiubPY7OjISw4sw4E5Uv0wbjp+OzcbmVU/rsT8ujgcXJhn9ypzsgr5vlzpPqP+MBBKcGvbg=="
    },
    "node_modules/triple-beam": {
      "version": "1.4.1",
      "resolved": "https://registry.npmjs.org/triple-beam/-/triple-beam-1.4.1.tgz",
      "integrity": "sha512-aZbgViZrg1QNcG+LULa7nhZpJTZSLm/mXnHXnbAbjmN5aSa0y7V+wvv6+4WaBtpISJzThKy+PIPxc1Nq1EJ9mg==",
      "engines": {
        "node": ">= 14.0.0"
      }
    },
    "node_modules/type": {
      "version": "1.2.0",
      "resolved": "https://registry.npmjs.org/type/-/type-1.2.0.tgz",
      "integrity": "sha512-+5nt5AAniqsCnu2cEQQdpzCAh33kVx8n0VoFidKpB1dVVLAN/F+bgVOqOJqOnEnrhp222clB5p3vUlD+1QAnfg=="
    },
    "node_modules/typedarray-to-buffer": {
      "version": "3.1.5",
      "resolved": "https://registry.npmjs.org/typedarray-to-buffer/-/typedarray-to-buffer-3.1.5.tgz",
      "integrity": "sha512-zdu8XMNEDepKKR+XYOXAVPtWui0ly0NtohUscw+UmaHiAWT8hrV1rr//H6V+0DvJ3OQ19S979M0laLfX8rm82Q==",
      "dependencies": {
        "is-typedarray": "^1.0.0"
      }
    },
    "node_modules/utf-8-validate": {
      "version": "5.0.10",
      "resolved": "https://registry.npmjs.org/utf-8-validate/-/utf-8-validate-5.0.10.tgz",
      "integrity": "sha512-Z6czzLq4u8fPOyx7TU6X3dvUZVvoJmxSQ+IcrlmagKhilxlhZgxPK6C5Jqbkw1IDUmFTM+cz9QDnnLTwDz/2gQ==",
      "hasInstallScript": true,
      "dependencies": {
        "node-gyp-build": "^4.3.0"
      },
      "engines": {
        "node": ">=6.14.2"
      }
    },
    "node_modules/util-deprecate": {
      "version": "1.0.2",
      "resolved": "https://registry.npmjs.org/util-deprecate/-/util-deprecate-1.0.2.tgz",
      "integrity": "sha512-EPD5q1uXyFxJpCrLnCc1nHnq3gOa6DZBocAIiI2TaSCA7VCJ1UJDMagCzIkXNsUYfD1daK//LTEQ8xiIbrHtcw=="
    },
    "node_modules/webidl-conversions": {
      "version": "7.0.0",
      "resolved": "https://registry.npmjs.org/webidl-conversions/-/webidl-conversions-7.0.0.tgz",
      "integrity": "sha512-VwddBukDzu71offAQR975unBIGqfKZpM+8ZX6ySk8nYhVoo5CYaZyzt3YBvYtRtO+aoGlqxPg/B87NGVZ/fu6g==",
      "optional": true,
      "engines": {
        "node": ">=12"
      }
    },
    "node_modules/websocket": {
      "version": "1.0.35",
      "resolved": "https://registry.npmjs.org/websocket/-/websocket-1.0.35.tgz",
      "integrity": "sha512-/REy6amwPZl44DDzvRCkaI1q1bIiQB0mEFQLUrhz3z2EK91cp3n72rAjUlrTP0zV22HJIUOVHQGPxhFRjxjt+Q==",
      "dependencies": {
        "bufferutil": "^4.0.1",
        "debug": "^2.2.0",
        "es5-ext": "^0.10.63",
        "typedarray-to-buffer": "^3.1.5",
        "utf-8-validate": "^5.0.2",
        "yaeti": "^0.0.6"
      },
      "engines": {
        "node": ">=4.0.0"
      }
    },
    "node_modules/winston": {
      "version": "3.13.1",
      "resolved": "https://registry.npmjs.org/winston/-/winston-3.13.1.tgz",
      "integrity": "sha512-SvZit7VFNvXRzbqGHsv5KSmgbEYR5EiQfDAL9gxYkRqa934Hnk++zze0wANKtMHcy/gI4W/3xmSDwlhf865WGw==",
      "dependencies": {
        "@colors/colors": "^1.6.0",
        "@dabh/diagnostics": "^2.0.2",
        "async": "^3.2.3",
        "is-stream": "^2.0.0",
        "logform": "^2.6.0",
        "one-time": "^1.0.0",
        "readable-stream": "^3.4.0",
        "safe-stable-stringify": "^2.3.1",
        "stack-trace": "0.0.x",
        "triple-beam": "^1.3.0",
        "winston-transport": "^4.7.0"
      },
      "engines": {
        "node": ">= 12.0.0"
      }
    },
    "node_modules/winston-transport": {
      "version": "4.7.1",
      "resolved": "https://registry.npmjs.org/winston-transport/-/winston-transport-4.7.1.tgz",
      "integrity": "sha512-wQCXXVgfv/wUPOfb2x0ruxzwkcZfxcktz6JIMUaPLmcNhO4bZTwA/WtDWK74xV3F2dKu8YadrFv0qhwYjVEwhA==",
      "dependencies": {
        "logform": "^2.6.1",
        "readable-stream": "^3.6.2",
        "triple-beam": "^1.3.0"
      },
      "engines": {
        "node": ">= 12.0.0"
      }
    },
    "node_modules/yaeti": {
      "version": "0.0.6",
      "resolved": "https://registry.npmjs.org/yaeti/-/yaeti-0.0.6.tgz",
      "integrity": "sha512-MvQa//+KcZCUkBTIC9blM+CU9J2GzuTytsOUwf2lidtvkx/6gnEp1QvJv34t9vdjhFmha/mUiNDbN0D0mJWdug==",
      "engines": {
        "node": ">=0.10.32"
      }
    }
  },
  "dependencies": {
    "@colors/colors": {
      "version": "1.6.0",
      "resolved": "https://registry.npmjs.org/@colors/colors/-/colors-1.6.0.tgz",
      "integrity": "sha512-Ir+AOibqzrIsL6ajt3Rz3LskB7OiMVHqltZmspbW/TJuTVuyOMirVqAkjfY6JISiLHgyNqicAC8AyHHGzNd/dA=="
    },
    "@dabh/diagnostics": {
      "version": "2.0.3",
      "resolved": "https://registry.npmjs.org/@dabh/diagnostics/-/diagnostics-2.0.3.tgz",
      "integrity": "sha512-hrlQOIi7hAfzsMqlGSFyVucrx38O+j6wiGOf//H2ecvIEqYN4ADBSS2iLMh5UFyDunCNniUIPk/q3riFv45xRA==",
      "requires": {
        "colorspace": "1.1.x",
        "enabled": "2.0.x",
        "kuler": "^2.0.0"
      }
    },
    "@roamhq/wrtc": {
      "version": "0.8.0",
      "resolved": "https://registry.npmjs.org/@roamhq/wrtc/-/wrtc-0.8.0.tgz",
      "integrity": "sha512-C0V/nqc4/2xzORI5qa4mIeN/8UO3ywN1kInrJ9u6GljFx0D18JMUJEqe8yYHa61RrEeoWN3PKdW++k8TocSx/A==",
      "requires": {
        "@roamhq/wrtc-darwin-arm64": "0.8.0",
        "@roamhq/wrtc-darwin-x64": "0.8.0",
        "@roamhq/wrtc-linux-arm64": "0.8.1",
        "@roamhq/wrtc-linux-x64": "0.8.1",
        "@roamhq/wrtc-win32-x64": "0.8.0",
        "domexception": "^4.0.0"
      }
    },
    "@roamhq/wrtc-darwin-arm64": {
      "version": "0.8.0",
      "resolved": "https://registry.npmjs.org/@roamhq/wrtc-darwin-arm64/-/wrtc-darwin-arm64-0.8.0.tgz",
      "integrity": "sha512-OtV2KWO7zOG3L8TF3KCt9aucynVCD/ww2xeXXgg+FLkya3ca0uzehN8EQJ3BL4tkInksbFJ2ssyu9cehfJ3ZuA==",
      "optional": true
    },
    "@roamhq/wrtc-darwin-x64": {
      "version": "0.8.0",
      "resolved": "https://registry.npmjs.org/@roamhq/wrtc-darwin-x64/-/wrtc-darwin-x64-0.8.0.tgz",
      "integrity": "sha512-VY7Vzt/SDDDCpW//h8GW9bOZrOr8gWXPZVD9473ypl4jyBIoO57yyLbHzd1G0vBUkS6szsHlQCz1WwpI30YL+g==",
      "optional": true
    },
    "@roamhq/wrtc-linux-arm64": {
      "version": "0.8.1",
      "resolved": "https://registry.npmjs.org/@roamhq/wrtc-linux-arm64/-/wrtc-linux-arm64-0.8.1.tgz",
      "integrity": "sha512-FBJLLazlWkGQUXaokC/rTbrUQbb0CNFYry52fZGstufrGLTWu+g4HcwXdVvxh1tnVtVMvkQGk+mlOL52sCxw0A==",
      "optional": true
    },
    "@roamhq/wrtc-linux-x64": {
      "version": "0.8.1",
      "resolved": "https://registry.npmjs.org/@roamhq/wrtc-linux-x64/-/wrtc-linux-x64-0.8.1.tgz",
      "integrity": "sha512-I9oWG7b4uvWO1IOR/aF34n+ID6TKVuSs0jd19h5KdhfRtw7FFh9xxuwN9rONPxLVa6fS0q+MCZgAf8Scz89L8Q==",
      "optional": true
    },
    "@roamhq/wrtc-win32-x64": {
      "version": "0.8.0",
      "resolved": "https://registry.npmjs.org/@roamhq/wrtc-win32-x64/-/wrtc-win32-x64-0.8.0.tgz",
      "integrity": "sha512-R2fxl41BLWPiP4eaTHGLzbbVvRjx1mV/OsgINCvawO7Hwz5Zx9I45+Fhrw3hd4n5amIeSG9VIF7Kz8eeTFXTGQ==",
      "optional": true
    },
    "@types/triple-beam": {
      "version": "1.3.5",
      "resolved": "https://registry.npmjs.org/@types/triple-beam/-/triple-beam-1.3.5.tgz",
      "integrity": "sha512-6WaYesThRMCl19iryMYP7/x2OVgCtbIVflDGFpWnb9irXI3UjYE4AzmYuiUKY1AJstGijoY+MgUszMgRxIYTYw=="
    },
    "async": {
      "version": "3.2.5",
      "resolved": "https://registry.npmjs.org/async/-/async-3.2.5.tgz",
      "integrity": "sha512-baNZyqaaLhyLVKm/DlvdW051MSgO6b8eVfIezl9E5PqWxFgzLm/wQntEW4zOytVburDEr0JlALEpdOFwvErLsg=="
    },
    "bufferutil": {
      "version": "4.0.8",
      "resolved": "https://registry.npmjs.org/bufferutil/-/bufferutil-4.0.8.tgz",
      "integrity": "sha512-4T53u4PdgsXqKaIctwF8ifXlRTTmEPJ8iEPWFdGZvcf7sbwYo6FKFEX9eNNAnzFZ7EzJAQ3CJeOtCRA4rDp7Pw==",
      "requires": {
        "node-gyp-build": "^4.3.0"
      }
    },
    "color": {
      "version": "3.2.1",
      "resolved": "https://registry.npmjs.org/color/-/color-3.2.1.tgz",
      "integrity": "sha512-aBl7dZI9ENN6fUGC7mWpMTPNHmWUSNan9tuWN6ahh5ZLNk9baLJOnSMlrQkHcrfFgz2/RigjUVAjdx36VcemKA==",
      "requires": {
        "color-convert": "^1.9.3",
        "color-string": "^1.6.0"
      }
    },
    "color-convert": {
      "version": "1.9.3",
      "resolved": "https://registry.npmjs.org/color-convert/-/color-convert-1.9.3.tgz",
      "integrity": "sha512-QfAUtd+vFdAtFQcC8CCyYt1fYWxSqAiK2cSD6zDB8N3cpsEBAvRxp9zOGg6G/SHHJYAT88/az/IuDGALsNVbGg==",
      "requires": {
        "color-name": "1.1.3"
      }
    },
    "color-name": {
      "version": "1.1.3",
      "resolved": "https://registry.npmjs.org/color-name/-/color-name-1.1.3.tgz",
      "integrity": "sha512-72fSenhMw2HZMTVHeCA9KCmpEIbzWiQsjN+BHcBbS9vr1mtt+vJjPdksIBNUmKAW8TFUDPJK5SUU3QhE9NEXDw=="
    },
    "color-string": {
      "version": "1.9.1",
      "resolved": "https://registry.npmjs.org/color-string/-/color-string-1.9.1.tgz",
      "integrity": "sha512-shrVawQFojnZv6xM40anx4CkoDP+fZsw/ZerEMsW/pyzsRbElpsL/DBVW7q3ExxwusdNXI3lXpuhEZkzs8p5Eg==",
      "requires": {
        "color-name": "^1.0.0",
        "simple-swizzle": "^0.2.2"
      }
    },
    "colorspace": {
      "version": "1.1.4",
      "resolved": "https://registry.npmjs.org/colorspace/-/colorspace-1.1.4.tgz",
      "integrity": "sha512-BgvKJiuVu1igBUF2kEjRCZXol6wiiGbY5ipL/oVPwm0BL9sIpMIzM8IK7vwuxIIzOXMV3Ey5w+vxhm0rR/TN8w==",
      "requires": {
        "color": "^3.1.3",
        "text-hex": "1.0.x"
      }
    },
    "d": {
      "version": "1.0.1",
      "resolved": "https://registry.npmjs.org/d/-/d-1.0.1.tgz",
      "integrity": "sha512-m62ShEObQ39CfralilEQRjH6oAMtNCV1xJyEx5LpRYUVN+EviphDgUc/F3hnYbADmkiNs67Y+3ylmlG7Lnu+FA==",
      "requires": {
        "es5-ext": "^0.10.50",
        "type": "^1.0.1"
      }
    },
    "debug": {
      "version": "2.6.9",
      "resolved": "https://registry.npmjs.org/debug/-/debug-2.6.9.tgz",
      "integrity": "sha512-bC7ElrdJaJnPbAP+1EotYvqZsb3ecl5wi6Bfi6BJTUcNowp6cvspg0jXznRTKDjm/E7AdgFBVeAPVMNcKGsHMA==",
      "requires": {
        "ms": "2.0.0"
      }
    },
    "domexception": {
      "version": "4.0.0",
      "resolved": "https://registry.npmjs.org/domexception/-/domexception-4.0.0.tgz",
      "integrity": "sha512-A2is4PLG+eeSfoTMA95/s4pvAoSo2mKtiM5jlHkAVewmiO8ISFTFKZjH7UAM1Atli/OT/7JHOrJRJiMKUZKYBw==",
      "optional": true,
      "requires": {
        "webidl-conversions": "^7.0.0"
      }
    },
    "enabled": {
      "version": "2.0.0",
      "resolved": "https://registry.npmjs.org/enabled/-/enabled-2.0.0.tgz",
      "integrity": "sha512-AKrN98kuwOzMIdAizXGI86UFBoo26CL21UM763y1h/GMSJ4/OHU9k2YlsmBpyScFo/wbLzWQJBMCW4+IO3/+OQ=="
    },
    "es5-ext": {
      "version": "0.10.64",
      "resolved": "https://registry.npmjs.org/es5-ext/-/es5-ext-0.10.64.tgz",
      "integrity": "sha512-p2snDhiLaXe6dahss1LddxqEm+SkuDvV8dnIQG0MWjyHpcMNfXKPE+/Cc0y+PhxJX3A4xGNeFCj5oc0BUh6deg==",
      "requires": {
        "es6-iterator": "^2.0.3",
        "es6-symbol": "^3.1.3",
        "esniff": "^2.0.1",
        "next-tick": "^1.1.0"
      }
    },
    "es6-iterator": {
      "version": "2.0.3",
      "resolved": "https://registry.npmjs.org/es6-iterator/-/es6-iterator-2.0.3.tgz",
      "integrity": "sha1-p96IkUGgWpSwhUQDstCg+/qY87c=",
      "requires": {
        "d": "1",
        "es5-ext": "^0.10.35",
        "es6-symbol": "^3.1.1"
      }
    },
    "es6-symbol": {
      "version": "3.1.3",
      "resolved": "https://registry.npmjs.org/es6-symbol/-/es6-symbol-3.1.3.tgz",
      "integrity": "sha512-NJ6Yn3FuDinBaBRWl/q5X/s4koRHBrgKAu+yGI6JCBeiu3qrcbJhwT2GeR/EXVfylRk8dpQVJoLEFhK+Mu31NA==",
      "requires": {
        "d": "^1.0.1",
        "ext": "^1.1.2"
      }
    },
    "esniff": {
      "version": "2.0.1",
      "resolved": "https://registry.npmjs.org/esniff/-/esniff-2.0.1.tgz",
      "integrity": "sha512-kTUIGKQ/mDPFoJ0oVfcmyJn4iBDRptjNVIzwIFR7tqWXdVI9xfA2RMwY/gbSpJG3lkdWNEjLap/NqVHZiJsdfg==",
      "requires": {
        "d": "^1.0.1",
        "es5-ext": "^0.10.62",
        "event-emitter": "^0.3.5",
        "type": "^2.7.2"
      },
      "dependencies": {
        "type": {
          "version": "2.7.3",
          "resolved": "https://registry.npmjs.org/type/-/type-2.7.3.tgz",
          "integrity": "sha512-8j+1QmAbPvLZow5Qpi6NCaN8FB60p/6x8/vfNqOk/hC+HuvFZhL4+WfekuhQLiqFZXOgQdrs3B+XxEmCc6b3FQ=="
        }
      }
    },
    "event-emitter": {
      "version": "0.3.5",
      "resolved": "https://registry.npmjs.org/event-emitter/-/event-emitter-0.3.5.tgz",
      "integrity": "sha512-D9rRn9y7kLPnJ+hMq7S/nhvoKwwvVJahBi2BPmx3bvbsEdK3W9ii8cBSGjP+72/LnM4n6fo3+dkCX5FeTQruXA==",
      "requires": {
        "d": "1",
        "es5-ext": "~0.10.14"
      }
    },
    "ext": {
      "version": "1.4.0",
      "resolved": "https://registry.npmjs.org/ext/-/ext-1.4.0.tgz",
      "integrity": "sha512-Key5NIsUxdqKg3vIsdw9dSuXpPCQ297y6wBjL30edxwPgt2E44WcWBZey/ZvUc6sERLTxKdyCu4gZFmUbk1Q7A==",
      "requires": {
        "type": "^2.0.0"
      },
      "dependencies": {
        "type": {
          "version": "2.1.0",
          "resolved": "https://registry.npmjs.org/type/-/type-2.1.0.tgz",
          "integrity": "sha512-G9absDWvhAWCV2gmF1zKud3OyC61nZDwWvBL2DApaVFogI07CprggiQAOOjvp2NRjYWFzPyu7vwtDrQFq8jeSA=="
        }
      }
    },
    "fecha": {
      "version": "4.2.3",
      "resolved": "https://registry.npmjs.org/fecha/-/fecha-4.2.3.tgz",
      "integrity": "sha512-OP2IUU6HeYKJi3i0z4A19kHMQoLVs4Hc+DPqqxI2h/DPZHTm/vjsfC6P0b4jCMy14XizLBqvndQ+UilD7707Jw=="
    },
    "fn.name": {
      "version": "1.1.0",
      "resolved": "https://registry.npmjs.org/fn.name/-/fn.name-1.1.0.tgz",
      "integrity": "sha512-GRnmB5gPyJpAhTQdSZTSp9uaPSvl09KoYcMQtsB9rQoOmzs9dH6ffeccH+Z+cv6P68Hu5bC6JjRh4Ah/mHSNRw=="
    },
    "inherits": {
      "version": "2.0.4",
      "resolved": "https://registry.npmjs.org/inherits/-/inherits-2.0.4.tgz",
      "integrity": "sha512-k/vGaX4/Yla3WzyMCvTQOXYeIHvqOKtnqBduzTHpzpQZzAskKMhZ2K+EnBiSM9zGSoIFeMpXKxa4dYeZIQqewQ=="
    },
    "is-arrayish": {
      "version": "0.3.2",
      "resolved": "https://registry.npmjs.org/is-arrayish/-/is-arrayish-0.3.2.tgz",
      "integrity": "sha512-eVRqCvVlZbuw3GrM63ovNSNAeA1K16kaR/LRY/92w0zxQ5/1YzwblUX652i4Xs9RwAGjW9d9y6X88t8OaAJfWQ=="
    },
    "is-stream": {
      "version": "2.0.1",
      "resolved": "https://registry.npmjs.org/is-stream/-/is-stream-2.0.1.tgz",
      "integrity": "sha512-hFoiJiTl63nn+kstHGBtewWSKnQLpyb155KHheA1l39uvtO9nWIop1p3udqPcUd/xbF1VLMO4n7OI6p7RbngDg=="
    },
    "is-typedarray": {
      "version": "1.0.0",
      "resolved": "https://registry.npmjs.org/is-typedarray/-/is-typedarray-1.0.0.tgz",
      "integrity": "sha512-cyA56iCMHAh5CdzjJIa4aohJyeO1YbwLi3Jc35MmRU6poroFjIGZzUzupGiRPOjgHg9TLu43xbpwXk523fMxKA=="
    },
    "kuler": {
      "version": "2.0.0",
      "resolved": "https://registry.npmjs.org/kuler/-/kuler-2.0.0.tgz",
      "integrity": "sha512-Xq9nH7KlWZmXAtodXDDRE7vs6DU1gTU8zYDHDiWLSip45Egwq3plLHzPn27NgvzL2r1LMPC1vdqh98sQxtqj4A=="
    },
    "logform": {
      "version": "2.6.1",
      "resolved": "https://registry.npmjs.org/logform/-/logform-2.6.1.tgz",
      "integrity": "sha512-CdaO738xRapbKIMVn2m4F6KTj4j7ooJ8POVnebSgKo3KBz5axNXRAL7ZdRjIV6NOr2Uf4vjtRkxrFETOioCqSA==",
      "requires": {
        "@colors/colors": "1.6.0",
        "@types/triple-beam": "^1.3.2",
        "fecha": "^4.2.0",
        "ms": "^2.1.1",
        "safe-stable-stringify": "^2.3.1",
        "triple-beam": "^1.3.0"
      },
      "dependencies": {
        "ms": {
          "version": "2.1.3",
          "resolved": "https://registry.npmjs.org/ms/-/ms-2.1.3.tgz",
          "integrity": "sha512-6FlzubTLZG3J2a/NVCAleEhjzq5oxgHyaCU9yYXvcLsvoVaHJq/s5xXI6/XXP6tz7R9xAOtHnSO/tXtF3WRTlA=="
        }
      }
    },
    "ms": {
      "version": "2.0.0",
      "resolved": "https://registry.npmjs.org/ms/-/ms-2.0.0.tgz",
      "integrity": "sha512-Tpp60P6IUJDTuOq/5Z8cdskzJujfwqfOTkrwIwj7IRISpnkJnT6SyJ4PCPnGMoFjC9ddhal5KVIYtAt97ix05A=="
    },
    "next-tick": {
      "version": "1.1.0",
      "resolved": "https://registry.npmjs.org/next-tick/-/next-tick-1.1.0.tgz",
      "integrity": "sha512-CXdUiJembsNjuToQvxayPZF9Vqht7hewsvy2sOWafLvi2awflj9mOC6bHIg50orX8IJvWKY9wYQ/zB2kogPslQ=="
    },
    "node-gyp-build": {
      "version": "4.8.1",
      "resolved": "https://registry.npmjs.org/node-gyp-build/-/node-gyp-build-4.8.1.tgz",
      "integrity": "sha512-OSs33Z9yWr148JZcbZd5WiAXhh/n9z8TxQcdMhIOlpN9AhWpLfvVFO73+m77bBABQMaY9XSvIa+qk0jlI7Gcaw=="
    },
    "one-time": {
      "version": "1.0.0",
      "resolved": "https://registry.npmjs.org/one-time/-/one-time-1.0.0.tgz",
      "integrity": "sha512-5DXOiRKwuSEcQ/l0kGCF6Q3jcADFv5tSmRaJck/OqkVFcOzutB134KRSfF0xDrL39MNnqxbHBbUUcjZIhTgb2g==",
      "requires": {
        "fn.name": "1.x.x"
      }
    },
    "readable-stream": {
      "version": "3.6.2",
      "resolved": "https://registry.npmjs.org/readable-stream/-/readable-stream-3.6.2.tgz",
      "integrity": "sha512-9u/sniCrY3D5WdsERHzHE4G2YCXqoG5FTHUiCC4SIbr6XcLZBY05ya9EKjYek9O5xOAwjGq+1JdGBAS7Q9ScoA==",
      "requires": {
        "inherits": "^2.0.3",
        "string_decoder": "^1.1.1",
        "util-deprecate": "^1.0.1"
      }
    },
    "safe-buffer": {
      "version": "5.2.1",
      "resolved": "https://registry.npmjs.org/safe-buffer/-/safe-buffer-5.2.1.tgz",
      "integrity": "sha512-rp3So07KcdmmKbGvgaNxQSJr7bGVSVk5S9Eq1F+ppbRo70+YeaDxkw5Dd8NPN+GD6bjnYm2VuPuCXmpuYvmCXQ=="
    },
    "safe-stable-stringify": {
      "version": "2.4.3",
      "resolved": "https://registry.npmjs.org/safe-stable-stringify/-/safe-stable-stringify-2.4.3.tgz",
      "integrity": "sha512-e2bDA2WJT0wxseVd4lsDP4+3ONX6HpMXQa1ZhFQ7SU+GjvORCmShbCMltrtIDfkYhVHrOcPtj+KhmDBdPdZD1g=="
    },
    "simple-swizzle": {
      "version": "0.2.2",
      "resolved": "https://registry.npmjs.org/simple-swizzle/-/simple-swizzle-0.2.2.tgz",
      "integrity": "sha512-JA//kQgZtbuY83m+xT+tXJkmJncGMTFT+C+g2h2R9uxkYIrE2yy9sgmcLhCnw57/WSD+Eh3J97FPEDFnbXnDUg==",
      "requires": {
        "is-arrayish": "^0.3.1"
      }
    },
    "stack-trace": {
      "version": "0.0.10",
      "resolved": "https://registry.npmjs.org/stack-trace/-/stack-trace-0.0.10.tgz",
      "integrity": "sha512-KGzahc7puUKkzyMt+IqAep+TVNbKP+k2Lmwhub39m1AsTSkaDutx56aDCo+HLDzf/D26BIHTJWNiTG1KAJiQCg=="
    },
    "string_decoder": {
      "version": "1.3.0",
      "resolved": "https://registry.npmjs.org/string_decoder/-/string_decoder-1.3.0.tgz",
      "integrity": "sha512-hkRX8U1WjJFd8LsDJ2yQ/wWWxaopEsABU1XfkM8A+j0+85JAGppt16cr1Whg6KIbb4okU6Mql6BOj+uup/wKeA==",
      "requires": {
        "safe-buffer": "~5.2.0"
      }
    },
    "text-hex": {
      "version": "1.0.0",
      "resolved": "https://registry.npmjs.org/text-hex/-/text-hex-1.0.0.tgz",
      "integrity": "sha512-uuVGNWzgJ4yhRaNSiubPY7OjISw4sw4E5Uv0wbjp+OzcbmVU/rsT8ujgcXJhn9ypzsgr5vlzpPqP+MBBKcGvbg=="
    },
    "triple-beam": {
      "version": "1.4.1",
      "resolved": "https://registry.npmjs.org/triple-beam/-/triple-beam-1.4.1.tgz",
      "integrity": "sha512-aZbgViZrg1QNcG+LULa7nhZpJTZSLm/mXnHXnbAbjmN5aSa0y7V+wvv6+4WaBtpISJzThKy+PIPxc1Nq1EJ9mg=="
    },
    "type": {
      "version": "1.2.0",
      "resolved": "https://registry.npmjs.org/type/-/type-1.2.0.tgz",
      "integrity": "sha512-+5nt5AAniqsCnu2cEQQdpzCAh33kVx8n0VoFidKpB1dVVLAN/F+bgVOqOJqOnEnrhp222clB5p3vUlD+1QAnfg=="
    },
    "typedarray-to-buffer": {
      "version": "3.1.5",
      "resolved": "https://registry.npmjs.org/typedarray-to-buffer/-/typedarray-to-buffer-3.1.5.tgz",
      "integrity": "sha512-zdu8XMNEDepKKR+XYOXAVPtWui0ly0NtohUscw+UmaHiAWT8hrV1rr//H6V+0DvJ3OQ19S979M0laLfX8rm82Q==",
      "requires": {
        "is-typedarray": "^1.0.0"
      }
    },
    "utf-8-validate": {
      "version": "5.0.10",
      "resolved": "https://registry.npmjs.org/utf-8-validate/-/utf-8-validate-5.0.10.tgz",
      "integrity": "sha512-Z6czzLq4u8fPOyx7TU6X3dvUZVvoJmxSQ+IcrlmagKhilxlhZgxPK6C5Jqbkw1IDUmFTM+cz9QDnnLTwDz/2gQ==",
      "requires": {
        "node-gyp-build": "^4.3.0"
      }
    },
    "util-deprecate": {
      "version": "1.0.2",
      "resolved": "https://registry.npmjs.org/util-deprecate/-/util-deprecate-1.0.2.tgz",
      "integrity": "sha512-EPD5q1uXyFxJpCrLnCc1nHnq3gOa6DZBocAIiI2TaSCA7VCJ1UJDMagCzIkXNsUYfD1daK//LTEQ8xiIbrHtcw=="
    },
    "webidl-conversions": {
      "version": "7.0.0",
      "resolved": "https://registry.npmjs.org/webidl-conversions/-/webidl-conversions-7.0.0.tgz",
      "integrity": "sha512-VwddBukDzu71offAQR975unBIGqfKZpM+8ZX6ySk8nYhVoo5CYaZyzt3YBvYtRtO+aoGlqxPg/B87NGVZ/fu6g==",
      "optional": true
    },
    "websocket": {
      "version": "1.0.35",
      "resolved": "https://registry.npmjs.org/websocket/-/websocket-1.0.35.tgz",
      "integrity": "sha512-/REy6amwPZl44DDzvRCkaI1q1bIiQB0mEFQLUrhz3z2EK91cp3n72rAjUlrTP0zV22HJIUOVHQGPxhFRjxjt+Q==",
      "requires": {
        "bufferutil": "^4.0.1",
        "debug": "^2.2.0",
        "es5-ext": "^0.10.63",
        "typedarray-to-buffer": "^3.1.5",
        "utf-8-validate": "^5.0.2",
        "yaeti": "^0.0.6"
      }
    },
    "winston": {
      "version": "3.13.1",
      "resolved": "https://registry.npmjs.org/winston/-/winston-3.13.1.tgz",
      "integrity": "sha512-SvZit7VFNvXRzbqGHsv5KSmgbEYR5EiQfDAL9gxYkRqa934Hnk++zze0wANKtMHcy/gI4W/3xmSDwlhf865WGw==",
      "requires": {
        "@colors/colors": "^1.6.0",
        "@dabh/diagnostics": "^2.0.2",
        "async": "^3.2.3",
        "is-stream": "^2.0.0",
        "logform": "^2.6.0",
        "one-time": "^1.0.0",
        "readable-stream": "^3.4.0",
        "safe-stable-stringify": "^2.3.1",
        "stack-trace": "0.0.x",
        "triple-beam": "^1.3.0",
        "winston-transport": "^4.7.0"
      }
    },
    "winston-transport": {
      "version": "4.7.1",
      "resolved": "https://registry.npmjs.org/winston-transport/-/winston-transport-4.7.1.tgz",
      "integrity": "sha512-wQCXXVgfv/wUPOfb2x0ruxzwkcZfxcktz6JIMUaPLmcNhO4bZTwA/WtDWK74xV3F2dKu8YadrFv0qhwYjVEwhA==",
      "requires": {
        "logform": "^2.6.1",
        "readable-stream": "^3.6.2",
        "triple-beam": "^1.3.0"
      }
    },
    "yaeti": {
      "version": "0.0.6",
      "resolved": "https://registry.npmjs.org/yaeti/-/yaeti-0.0.6.tgz",
      "integrity": "sha512-MvQa//+KcZCUkBTIC9blM+CU9J2GzuTytsOUwf2lidtvkx/6gnEp1QvJv34t9vdjhFmha/mUiNDbN0D0mJWdug=="
    }
  }
}
